// !$*UTF8*$!
{
	archiveVersion = 1;
	classes = {
	};
	objectVersion = 46;
	objects = {

/* Begin PBXBuildFile section */
		CD52C6C81BD50C4E00CA4EFD /* main.cpp in Sources */ = {isa = PBXBuildFile; fileRef = CD52C6C71BD50C4E00CA4EFD /* main.cpp */; };
/* End PBXBuildFile section */

/* Begin PBXCopyFilesBuildPhase section */
		CD52C6C21BD50C4E00CA4EFD /* CopyFiles */ = {
			isa = PBXCopyFilesBuildPhase;
			buildActionMask = 2147483647;
			dstPath = /usr/share/man/man1/;
			dstSubfolderSpec = 0;
			files = (
			);
			runOnlyForDeploymentPostprocessing = 1;
		};
/* End PBXCopyFilesBuildPhase section */

/* Begin PBXFileReference section */
		CD52C6C41BD50C4E00CA4EFD /* madlib.cpp */ = {isa = PBXFileReference; explicitFileType = "compiled.mach-o.executable"; includeInIndex = 0; path = madlib.cpp; sourceTree = BUILT_PRODUCTS_DIR; };
		CD52C6C71BD50C4E00CA4EFD /* main.cpp */ = {isa = PBXFileReference; lastKnownFileType = sourcecode.cpp.cpp; path = main.cpp; sourceTree = "<group>"; };
/* End PBXFileReference section */

/* Begin PBXFrameworksBuildPhase section */
		CD52C6C11BD50C4E00CA4EFD /* Frameworks */ = {
			isa = PBXFrameworksBuildPhase;
			buildActionMask = 2147483647;
			files = (
			);
			runOnlyForDeploymentPostprocessing = 0;
		};
/* End PBXFrameworksBuildPhase section */

/* Begin PBXGroup section */
		CD52C6BB1BD50C4E00CA4EFD = {
			isa = PBXGroup;
			children = (
				CD52C6C61BD50C4E00CA4EFD /* madlib.cpp */,
				CD52C6C51BD50C4E00CA4EFD /* Products */,
			);
			sourceTree = "<group>";
		};
		CD52C6C51BD50C4E00CA4EFD /* Products */ = {
			isa = PBXGroup;
			children = (
				CD52C6C41BD50C4E00CA4EFD /* madlib.cpp */,
			);
			name = Products;
			sourceTree = "<group>";
		};
		CD52C6C61BD50C4E00CA4EFD /* madlib.cpp */ = {
			isa = PBXGroup;
			children = (
				CD52C6C71BD50C4E00CA4EFD /* main.cpp */,
			);
			path = madlib.cpp;
			sourceTree = "<group>";
		};
/* End PBXGroup section */

/* Begin PBXNativeTarget section */
		CD52C6C31BD50C4E00CA4EFD /* madlib.cpp */ = {
			isa = PBXNativeTarget;
			buildConfigurationList = CD52C6CB1BD50C4E00CA4EFD /* Build configuration list for PBXNativeTarget "madlib.cpp" */;
			buildPhases = (
				CD52C6C01BD50C4E00CA4EFD /* Sources */,
				CD52C6C11BD50C4E00CA4EFD /* Frameworks */,
				CD52C6C21BD50C4E00CA4EFD /* CopyFiles */,
			);
			buildRules = (
			);
			dependencies = (
			);
			name = madlib.cpp;
			productName = madlib.cpp;
			productReference = CD52C6C41BD50C4E00CA4EFD /* madlib.cpp */;
			productType = "com.apple.product-type.tool";
		};
/* End PBXNativeTarget section */

/* Begin PBXProject section */
		CD52C6BC1BD50C4E00CA4EFD /* Project object */ = {
			isa = PBXProject;
			attributes = {
				LastUpgradeCheck = 0710;
				TargetAttributes = {
					CD52C6C31BD50C4E00CA4EFD = {
						CreatedOnToolsVersion = 7.1;
					};
				};
			};
			buildConfigurationList = CD52C6BF1BD50C4E00CA4EFD /* Build configuration list for PBXProject "madlib.cpp" */;
			compatibilityVersion = "Xcode 3.2";
			developmentRegion = English;
			hasScannedForEncodings = 0;
			knownRegions = (
				en,
			);
			mainGroup = CD52C6BB1BD50C4E00CA4EFD;
			productRefGroup = CD52C6C51BD50C4E00CA4EFD /* Products */;
			projectDirPath = "";
			projectRoot = "";
			targets = (
				CD52C6C31BD50C4E00CA4EFD /* madlib.cpp */,
			);
		};
/* End PBXProject section */

/* Begin PBXSourcesBuildPhase section */
		CD52C6C01BD50C4E00CA4EFD /* Sources */ = {
			isa = PBXSourcesBuildPhase;
			buildActionMask = 2147483647;
			files = (
				CD52C6C81BD50C4E00CA4EFD /* main.cpp in Sources */,
			);
			runOnlyForDeploymentPostprocessing = 0;
		};
/* End PBXSourcesBuildPhase section */

/* Begin XCBuildConfiguration section */
		CD52C6C91BD50C4E00CA4EFD /* Debug */ = {
			isa = XCBuildConfiguration;
			buildSettings = {
				ALWAYS_SEARCH_USER_PATHS = NO;
				CLANG_CXX_LANGUAGE_STANDARD = "gnu++0x";
				CLANG_CXX_LIBRARY = "libc++";
				CLANG_ENABLE_MODULES = YES;
				CLANG_ENABLE_OBJC_ARC = YES;
				CLANG_WARN_BOOL_CONVERSION = YES;
				CLANG_WARN_CONSTANT_CONVERSION = YES;
				CLANG_WARN_DIRECT_OBJC_ISA_USAGE = YES_ERROR;
				CLANG_WARN_EMPTY_BODY = YES;
				CLANG_WARN_ENUM_CONVERSION = YES;
				CLANG_WARN_INT_CONVERSION = YES;
				CLANG_WARN_OBJC_ROOT_CLASS = YES_ERROR;
				CLANG_WARN_UNREACHABLE_CODE = YES;
				CLANG_WARN__DUPLICATE_METHOD_MATCH = YES;
				CODE_SIGN_IDENTITY = "-";
				COPY_PHASE_STRIP = NO;
				DEBUG_INFORMATION_FORMAT = dwarf;
				ENABLE_STRICT_OBJC_MSGSEND = YES;
				ENABLE_TESTABILITY = YES;
				GCC_C_LANGUAGE_STANDARD = gnu99;
				GCC_DYNAMIC_NO_PIC = NO;
				GCC_NO_COMMON_BLOCKS = YES;
				GCC_OPTIMIZATION_LEVEL = 0;
				GCC_PREPROCESSOR_DEFINITIONS = (
					"DEBUG=1",
					"$(inherited)",
				);
				GCC_WARN_64_TO_32_BIT_CONVERSION = YES;
				GCC_WARN_ABOUT_RETURN_TYPE = YES_ERROR;
				GCC_WARN_UNDECLARED_SELECTOR = YES;
				GCC_WARN_UNINITIALIZED_AUTOS = YES_AGGRESSIVE;
				GCC_WARN_UNUSED_FUNCTION = YES;
				GCC_WARN_UNUSED_VARIABLE = YES;
				MACOSX_DEPLOYMENT_TARGET = 10.11;
				MTL_ENABLE_DEBUG_INFO = YES;
				ONLY_ACTIVE_ARCH = YES;
				SDKROOT = macosx;
			};
			name = Debug;
		};
		CD52C6CA1BD50C4E00CA4EFD /* Release */ = {
			isa = XCBuildConfiguration;
			buildSettings = {
				ALWAYS_SEARCH_USER_PATHS = NO;
				CLANG_CXX_LANGUAGE_STANDARD = "gnu++0x";
				CLANG_CXX_LIBRARY = "libc++";
				CLANG_ENABLE_MODULES = YES;
				CLANG_ENABLE_OBJC_ARC = YES;
				CLANG_WARN_BOOL_CONVERSION = YES;
				CLANG_WARN_CONSTANT_CONVERSION = YES;
				CLANG_WARN_DIRECT_OBJC_ISA_USAGE = YES_ERROR;
				CLANG_WARN_EMPTY_BODY = YES;
				CLANG_WARN_ENUM_CONVERSION = YES;
				CLANG_WARN_INT_CONVERSION = YES;
				CLANG_WARN_OBJC_ROOT_CLASS = YES_ERROR;
				CLANG_WARN_UNREACHABLE_CODE = YES;
				CLANG_WARN__DUPLICATE_METHOD_MATCH = YES;
				CODE_SIGN_IDENTITY = "-";
				COPY_PHASE_STRIP = NO;
				DEBUG_INFORMATION_FORMAT = "dwarf-with-dsym";
				ENABLE_NS_ASSERTIONS = NO;
				ENABLE_STRICT_OBJC_MSGSEND = YES;
				GCC_C_LANGUAGE_STANDARD = gnu99;
				GCC_NO_COMMON_BLOCKS = YES;
				GCC_WARN_64_TO_32_BIT_CONVERSION = YES;
				GCC_WARN_ABOUT_RETURN_TYPE = YES_ERROR;
				GCC_WARN_UNDECLARED_SELECTOR = YES;
				GCC_WARN_UNINITIALIZED_AUTOS = YES_AGGRESSIVE;
				GCC_WARN_UNUSED_FUNCTION = YES;
				GCC_WARN_UNUSED_VARIABLE = YES;
				MACOSX_DEPLOYMENT_TARGET = 10.11;
				MTL_ENABLE_DEBUG_INFO = NO;
				SDKROOT = macosx;
			};
			name = Release;
		};
		CD52C6CC1BD50C4E00CA4EFD /* Debug */ = {
			isa = XCBuildConfiguration;
			buildSettings = {
				PRODUCT_NAME = "$(TARGET_NAME)";
			};
			name = Debug;
		};
		CD52C6CD1BD50C4E00CA4EFD /* Release */ = {
			isa = XCBuildConfiguration;
			buildSettings = {
				PRODUCT_NAME = "$(TARGET_NAME)";
			};
			name = Release;
		};
/* End XCBuildConfiguration section */

/* Begin XCConfigurationList section */
		CD52C6BF1BD50C4E00CA4EFD /* Build configuration list for PBXProject "madlib.cpp" */ = {
			isa = XCConfigurationList;
			buildConfigurations = (
				CD52C6C91BD50C4E00CA4EFD /* Debug */,
				CD52C6CA1BD50C4E00CA4EFD /* Release */,
			);
			defaultConfigurationIsVisible = 0;
			defaultConfigurationName = Release;
		};
		CD52C6CB1BD50C4E00CA4EFD /* Build configuration list for PBXNativeTarget "madlib.cpp" */ = {
			isa = XCConfigurationList;
			buildConfigurations = (
				CD52C6CC1BD50C4E00CA4EFD /* Debug */,
				CD52C6CD1BD50C4E00CA4EFD /* Release */,
			);
			defaultConfigurationIsVisible = 0;
		};
/* End XCConfigurationList section */
	};
	rootObject = CD52C6BC1BD50C4E00CA4EFD /* Project object */;
}
